
Microsoft Visual Studio Solution File, Format Version 12.00
# Visual Studio Version 17
VisualStudioVersion = 17.12.35527.113 d17.12
MinimumVisualStudioVersion = 10.0.40219.1
Project("{FAE04EC0-301F-11D3-BF4B-00C04F79EFBC}") = "Publicaciones", "Publicaciones\Publicaciones.csproj", "{CAD8304A-067B-4BF7-B13F-1F08252F2E71}"
EndProject
Global
	GlobalSection(SolutionConfigurationPlatforms) = preSolution
		Debug|Any CPU = Debug|Any CPU
		Release|Any CPU = Release|Any CPU
	EndGlobalSection
	GlobalSection(ProjectConfigurationPlatforms) = postSolution
		{CAD8304A-067B-4BF7-B13F-1F08252F2E71}.Debug|Any CPU.ActiveCfg = Debug|Any CPU
		{CAD8304A-067B-4BF7-B13F-1F08252F2E71}.Debug|Any CPU.Build.0 = Debug|Any CPU
		{CAD8304A-067B-4BF7-B13F-1F08252F2E71}.Release|Any CPU.ActiveCfg = Release|Any CPU
		{CAD8304A-067B-4BF7-B13F-1F08252F2E71}.Release|Any CPU.Build.0 = Release|Any CPU
	EndGlobalSection
	GlobalSection(SolutionProperties) = preSolution
		HideSolutionNode = FALSE
	EndGlobalSection
EndGlobal
